{
  "name": "wordle-competition",
  "version": "1.0.0",
  "lockfileVersion": 3,
  "requires": true,
  "packages": {
    "": {
      "name": "wordle-competition",
      "version": "1.0.0",
      "license": "ISC",
      "dependencies": {
        "lodash": "^4.17.21",
        "simple-statistics": "^7.8.3"
      }
    },
    "node_modules/lodash": {
      "version": "4.17.21",
      "resolved": "https://registry.npmjs.org/lodash/-/lodash-4.17.21.tgz",
      "integrity": "sha512-v2kDEe57lecTulaDIuNTPy3Ry4gLGJ6Z1O3vE1krgXZNrsQ+LFTGHVxVjcXPs17LhbZVGedAJv8XZ1tvj5FvSg=="
    },
    "node_modules/simple-statistics": {
      "version": "7.8.3",
      "resolved": "https://registry.npmjs.org/simple-statistics/-/simple-statistics-7.8.3.tgz",
      "integrity": "sha512-JFvMY00t6SBGtwMuJ+nqgsx9ylkMiJ5JlK9bkj8AdvniIe5615wWQYkKHXe84XtSuc40G/tlrPu0A5/NlJvv8A==",
      "engines": {
        "node": "*"
      }
    }
  }
}
